
Microsoft Visual Studio Solution File, Format Version 12.00
# Visual Studio Version 16
VisualStudioVersion = 16.0.30804.86
MinimumVisualStudioVersion = 10.0.40219.1
Project("{FAE04EC0-301F-11D3-BF4B-00C04F79EFBC}") = "ExchangesRate", "ExchangesRate\ExchangesRate.csproj", "{CC1DC46C-4D10-49B3-AC7D-9308A9BD8FE4}"
EndProject
Global
	GlobalSection(SolutionConfigurationPlatforms) = preSolution
		Debug|Any CPU = Debug|Any CPU
		Release|Any CPU = Release|Any CPU
	EndGlobalSection
	GlobalSection(ProjectConfigurationPlatforms) = postSolution
		{CC1DC46C-4D10-49B3-AC7D-9308A9BD8FE4}.Debug|Any CPU.ActiveCfg = Debug|Any CPU
		{CC1DC46C-4D10-49B3-AC7D-9308A9BD8FE4}.Debug|Any CPU.Build.0 = Debug|Any CPU
		{CC1DC46C-4D10-49B3-AC7D-9308A9BD8FE4}.Release|Any CPU.ActiveCfg = Release|Any CPU
		{CC1DC46C-4D10-49B3-AC7D-9308A9BD8FE4}.Release|Any CPU.Build.0 = Release|Any CPU
	EndGlobalSection
	GlobalSection(SolutionProperties) = preSolution
		HideSolutionNode = FALSE
	EndGlobalSection
	GlobalSection(ExtensibilityGlobals) = postSolution
		SolutionGuid = {67AFF1C7-A1B4-4AEF-AD3E-DAB586B0775F}
	EndGlobalSection
EndGlobal
